
Microsoft Visual Studio Solution File, Format Version 12.00
# Visual Studio 14
VisualStudioVersion = 14.0.25420.1
MinimumVisualStudioVersion = 10.0.40219.1
Project("{8BC9CEB8-8B4A-11D0-8D11-00A0C91BC942}") = "DirectoryCrawler", "DirectoryCrawler\DirectoryCrawler.vcxproj", "{85A45B82-F5CF-47C6-8356-0AD5CF5E8820}"
EndProject
Project("{2150E333-8FDC-42A3-9474-1A3956D46DE8}") = "Utils", "Utils", "{DCE257E1-0AED-43BA-86E8-E35C7E55D9E9}"
EndProject
Project("{8BC9CEB8-8B4A-11D0-8D11-00A0C91BC942}") = "LibLdap", "libdev\LibLdap\LibLdap.vcxproj", "{DBC8FAF7-6789-4A8F-AE11-7D17E6ED8B16}"
EndProject
Project("{8BC9CEB8-8B4A-11D0-8D11-00A0C91BC942}") = "LibUtils", "libdev\LibUtils\LibUtils.vcxproj", "{ABC59760-7700-49F3-AC9E-A29414B1C5CE}"
EndProject
Project("{8BC9CEB8-8B4A-11D0-8D11-00A0C91BC942}") = "LibLog", "libdev\LibLog\LibLog.vcxproj", "{1D4E068B-ACEE-4C7E-B361-4419377871C8}"
EndProject
Project("{8BC9CEB8-8B4A-11D0-8D11-00A0C91BC942}") = "LibJson", "libdev\LibJson\LibJson.vcxproj", "{33C0FE4C-8EF9-493D-AF1A-BA79E3B949E5}"
EndProject
Project("{8BC9CEB8-8B4A-11D0-8D11-00A0C91BC942}") = "LibCsv", "libdev\LibCsv\LibCsv.vcxproj", "{181426AC-372D-40C3-86F9-554BE0F6F069}"
EndProject
Global
	GlobalSection(SolutionConfigurationPlatforms) = preSolution
		Debug|Mixed Platforms = Debug|Mixed Platforms
		Debug|Win32 = Debug|Win32
		Debug|x64 = Debug|x64
		MinSizeRel|Mixed Platforms = MinSizeRel|Mixed Platforms
		MinSizeRel|Win32 = MinSizeRel|Win32
		MinSizeRel|x64 = MinSizeRel|x64
		RelADCP|Mixed Platforms = RelADCP|Mixed Platforms
		RelADCP|Win32 = RelADCP|Win32
		RelADCP|x64 = RelADCP|x64
		RelWithDebInfo|Mixed Platforms = RelWithDebInfo|Mixed Platforms
		RelWithDebInfo|Win32 = RelWithDebInfo|Win32
		RelWithDebInfo|x64 = RelWithDebInfo|x64
		VLD|Mixed Platforms = VLD|Mixed Platforms
		VLD|Win32 = VLD|Win32
		VLD|x64 = VLD|x64
	EndGlobalSection
	GlobalSection(ProjectConfigurationPlatforms) = postSolution
		{85A45B82-F5CF-47C6-8356-0AD5CF5E8820}.Debug|Mixed Platforms.ActiveCfg = Debug|Win32
		{85A45B82-F5CF-47C6-8356-0AD5CF5E8820}.Debug|Mixed Platforms.Build.0 = Debug|Win32
		{85A45B82-F5CF-47C6-8356-0AD5CF5E8820}.Debug|Win32.ActiveCfg = Debug|Win32
		{85A45B82-F5CF-47C6-8356-0AD5CF5E8820}.Debug|Win32.Build.0 = Debug|Win32
		{85A45B82-F5CF-47C6-8356-0AD5CF5E8820}.Debug|x64.ActiveCfg = Debug|x64
		{85A45B82-F5CF-47C6-8356-0AD5CF5E8820}.Debug|x64.Build.0 = Debug|x64
		{85A45B82-F5CF-47C6-8356-0AD5CF5E8820}.MinSizeRel|Mixed Platforms.ActiveCfg = VLD|Win32
		{85A45B82-F5CF-47C6-8356-0AD5CF5E8820}.MinSizeRel|Mixed Platforms.Build.0 = VLD|Win32
		{85A45B82-F5CF-47C6-8356-0AD5CF5E8820}.MinSizeRel|Win32.ActiveCfg = VLD|Win32
		{85A45B82-F5CF-47C6-8356-0AD5CF5E8820}.MinSizeRel|Win32.Build.0 = VLD|Win32
		{85A45B82-F5CF-47C6-8356-0AD5CF5E8820}.MinSizeRel|x64.ActiveCfg = VLD|x64
		{85A45B82-F5CF-47C6-8356-0AD5CF5E8820}.MinSizeRel|x64.Build.0 = VLD|x64
		{85A45B82-F5CF-47C6-8356-0AD5CF5E8820}.RelADCP|Mixed Platforms.ActiveCfg = RelADCP|Win32
		{85A45B82-F5CF-47C6-8356-0AD5CF5E8820}.RelADCP|Mixed Platforms.Build.0 = RelADCP|Win32
		{85A45B82-F5CF-47C6-8356-0AD5CF5E8820}.RelADCP|Win32.ActiveCfg = RelADCP|Win32
		{85A45B82-F5CF-47C6-8356-0AD5CF5E8820}.RelADCP|Win32.Build.0 = RelADCP|Win32
		{85A45B82-F5CF-47C6-8356-0AD5CF5E8820}.RelADCP|x64.ActiveCfg = RelADCP|x64
		{85A45B82-F5CF-47C6-8356-0AD5CF5E8820}.RelADCP|x64.Build.0 = RelADCP|x64
		{85A45B82-F5CF-47C6-8356-0AD5CF5E8820}.RelWithDebInfo|Mixed Platforms.ActiveCfg = RelADCP|Win32
		{85A45B82-F5CF-47C6-8356-0AD5CF5E8820}.RelWithDebInfo|Mixed Platforms.Build.0 = RelADCP|Win32
		{85A45B82-F5CF-47C6-8356-0AD5CF5E8820}.RelWithDebInfo|Win32.ActiveCfg = RelADCP|Win32
		{85A45B82-F5CF-47C6-8356-0AD5CF5E8820}.RelWithDebInfo|Win32.Build.0 = RelADCP|Win32
		{85A45B82-F5CF-47C6-8356-0AD5CF5E8820}.RelWithDebInfo|x64.ActiveCfg = RelADCP|x64
		{85A45B82-F5CF-47C6-8356-0AD5CF5E8820}.RelWithDebInfo|x64.Build.0 = RelADCP|x64
		{85A45B82-F5CF-47C6-8356-0AD5CF5E8820}.VLD|Mixed Platforms.ActiveCfg = VLD|Win32
		{85A45B82-F5CF-47C6-8356-0AD5CF5E8820}.VLD|Mixed Platforms.Build.0 = VLD|Win32
		{85A45B82-F5CF-47C6-8356-0AD5CF5E8820}.VLD|Win32.ActiveCfg = VLD|Win32
		{85A45B82-F5CF-47C6-8356-0AD5CF5E8820}.VLD|Win32.Build.0 = VLD|Win32
		{85A45B82-F5CF-47C6-8356-0AD5CF5E8820}.VLD|x64.ActiveCfg = VLD|x64
		{85A45B82-F5CF-47C6-8356-0AD5CF5E8820}.VLD|x64.Build.0 = VLD|x64
		{DBC8FAF7-6789-4A8F-AE11-7D17E6ED8B16}.Debug|Mixed Platforms.ActiveCfg = Debug|Win32
		{DBC8FAF7-6789-4A8F-AE11-7D17E6ED8B16}.Debug|Mixed Platforms.Build.0 = Debug|Win32
		{DBC8FAF7-6789-4A8F-AE11-7D17E6ED8B16}.Debug|Win32.ActiveCfg = Debug|Win32
		{DBC8FAF7-6789-4A8F-AE11-7D17E6ED8B16}.Debug|Win32.Build.0 = Debug|Win32
		{DBC8FAF7-6789-4A8F-AE11-7D17E6ED8B16}.Debug|x64.ActiveCfg = Debug|x64
		{DBC8FAF7-6789-4A8F-AE11-7D17E6ED8B16}.Debug|x64.Build.0 = Debug|x64
		{DBC8FAF7-6789-4A8F-AE11-7D17E6ED8B16}.MinSizeRel|Mixed Platforms.ActiveCfg = Release|Win32
		{DBC8FAF7-6789-4A8F-AE11-7D17E6ED8B16}.MinSizeRel|Mixed Platforms.Build.0 = Release|Win32
		{DBC8FAF7-6789-4A8F-AE11-7D17E6ED8B16}.MinSizeRel|Win32.ActiveCfg = Release|Win32
		{DBC8FAF7-6789-4A8F-AE11-7D17E6ED8B16}.MinSizeRel|Win32.Build.0 = Release|Win32
		{DBC8FAF7-6789-4A8F-AE11-7D17E6ED8B16}.MinSizeRel|x64.ActiveCfg = Release|x64
		{DBC8FAF7-6789-4A8F-AE11-7D17E6ED8B16}.MinSizeRel|x64.Build.0 = Release|x64
		{DBC8FAF7-6789-4A8F-AE11-7D17E6ED8B16}.RelADCP|Mixed Platforms.ActiveCfg = Release|Win32
		{DBC8FAF7-6789-4A8F-AE11-7D17E6ED8B16}.RelADCP|Mixed Platforms.Build.0 = Release|Win32
		{DBC8FAF7-6789-4A8F-AE11-7D17E6ED8B16}.RelADCP|Win32.ActiveCfg = Release|Win32
		{DBC8FAF7-6789-4A8F-AE11-7D17E6ED8B16}.RelADCP|Win32.Build.0 = Release|Win32
		{DBC8FAF7-6789-4A8F-AE11-7D17E6ED8B16}.RelADCP|x64.ActiveCfg = Release|x64
		{DBC8FAF7-6789-4A8F-AE11-7D17E6ED8B16}.RelADCP|x64.Build.0 = Release|x64
		{DBC8FAF7-6789-4A8F-AE11-7D17E6ED8B16}.RelWithDebInfo|Mixed Platforms.ActiveCfg = Release|Win32
		{DBC8FAF7-6789-4A8F-AE11-7D17E6ED8B16}.RelWithDebInfo|Mixed Platforms.Build.0 = Release|Win32
		{DBC8FAF7-6789-4A8F-AE11-7D17E6ED8B16}.RelWithDebInfo|Win32.ActiveCfg = Release|Win32
		{DBC8FAF7-6789-4A8F-AE11-7D17E6ED8B16}.RelWithDebInfo|Win32.Build.0 = Release|Win32
		{DBC8FAF7-6789-4A8F-AE11-7D17E6ED8B16}.RelWithDebInfo|x64.ActiveCfg = Release|x64
		{DBC8FAF7-6789-4A8F-AE11-7D17E6ED8B16}.RelWithDebInfo|x64.Build.0 = Release|x64
		{DBC8FAF7-6789-4A8F-AE11-7D17E6ED8B16}.VLD|Mixed Platforms.ActiveCfg = VLD|Win32
		{DBC8FAF7-6789-4A8F-AE11-7D17E6ED8B16}.VLD|Mixed Platforms.Build.0 = VLD|Win32
		{DBC8FAF7-6789-4A8F-AE11-7D17E6ED8B16}.VLD|Win32.ActiveCfg = VLD|Win32
		{DBC8FAF7-6789-4A8F-AE11-7D17E6ED8B16}.VLD|Win32.Build.0 = VLD|Win32
		{DBC8FAF7-6789-4A8F-AE11-7D17E6ED8B16}.VLD|x64.ActiveCfg = VLD|x64
		{DBC8FAF7-6789-4A8F-AE11-7D17E6ED8B16}.VLD|x64.Build.0 = VLD|x64
		{ABC59760-7700-49F3-AC9E-A29414B1C5CE}.Debug|Mixed Platforms.ActiveCfg = Debug|Win32
		{ABC59760-7700-49F3-AC9E-A29414B1C5CE}.Debug|Mixed Platforms.Build.0 = Debug|Win32
		{ABC59760-7700-49F3-AC9E-A29414B1C5CE}.Debug|Win32.ActiveCfg = Debug|Win32
		{ABC59760-7700-49F3-AC9E-A29414B1C5CE}.Debug|Win32.Build.0 = Debug|Win32
		{ABC59760-7700-49F3-AC9E-A29414B1C5CE}.Debug|x64.ActiveCfg = Debug|x64
		{ABC59760-7700-49F3-AC9E-A29414B1C5CE}.Debug|x64.Build.0 = Debug|x64
		{ABC59760-7700-49F3-AC9E-A29414B1C5CE}.MinSizeRel|Mixed Platforms.ActiveCfg = Release|Win32
		{ABC59760-7700-49F3-AC9E-A29414B1C5CE}.MinSizeRel|Mixed Platforms.Build.0 = Release|Win32
		{ABC59760-7700-49F3-AC9E-A29414B1C5CE}.MinSizeRel|Win32.ActiveCfg = Release|Win32
		{ABC59760-7700-49F3-AC9E-A29414B1C5CE}.MinSizeRel|Win32.Build.0 = Release|Win32
		{ABC59760-7700-49F3-AC9E-A29414B1C5CE}.MinSizeRel|x64.ActiveCfg = Release|x64
		{ABC59760-7700-49F3-AC9E-A29414B1C5CE}.MinSizeRel|x64.Build.0 = Release|x64
		{ABC59760-7700-49F3-AC9E-A29414B1C5CE}.RelADCP|Mixed Platforms.ActiveCfg = Release|Win32
		{ABC59760-7700-49F3-AC9E-A29414B1C5CE}.RelADCP|Mixed Platforms.Build.0 = Release|Win32
		{ABC59760-7700-49F3-AC9E-A29414B1C5CE}.RelADCP|Win32.ActiveCfg = Release|Win32
		{ABC59760-7700-49F3-AC9E-A29414B1C5CE}.RelADCP|Win32.Build.0 = Release|Win32
		{ABC59760-7700-49F3-AC9E-A29414B1C5CE}.RelADCP|x64.ActiveCfg = Release|x64
		{ABC59760-7700-49F3-AC9E-A29414B1C5CE}.RelADCP|x64.Build.0 = Release|x64
		{ABC59760-7700-49F3-AC9E-A29414B1C5CE}.RelWithDebInfo|Mixed Platforms.ActiveCfg = Release|Win32
		{ABC59760-7700-49F3-AC9E-A29414B1C5CE}.RelWithDebInfo|Mixed Platforms.Build.0 = Release|Win32
		{ABC59760-7700-49F3-AC9E-A29414B1C5CE}.RelWithDebInfo|Win32.ActiveCfg = Release|Win32
		{ABC59760-7700-49F3-AC9E-A29414B1C5CE}.RelWithDebInfo|Win32.Build.0 = Release|Win32
		{ABC59760-7700-49F3-AC9E-A29414B1C5CE}.RelWithDebInfo|x64.ActiveCfg = Release|x64
		{ABC59760-7700-49F3-AC9E-A29414B1C5CE}.RelWithDebInfo|x64.Build.0 = Release|x64
		{ABC59760-7700-49F3-AC9E-A29414B1C5CE}.VLD|Mixed Platforms.ActiveCfg = VLD|Win32
		{ABC59760-7700-49F3-AC9E-A29414B1C5CE}.VLD|Mixed Platforms.Build.0 = VLD|Win32
		{ABC59760-7700-49F3-AC9E-A29414B1C5CE}.VLD|Win32.ActiveCfg = VLD|Win32
		{ABC59760-7700-49F3-AC9E-A29414B1C5CE}.VLD|Win32.Build.0 = VLD|Win32
		{ABC59760-7700-49F3-AC9E-A29414B1C5CE}.VLD|x64.ActiveCfg = VLD|x64
		{ABC59760-7700-49F3-AC9E-A29414B1C5CE}.VLD|x64.Build.0 = VLD|x64
		{1D4E068B-ACEE-4C7E-B361-4419377871C8}.Debug|Mixed Platforms.ActiveCfg = Debug|Win32
		{1D4E068B-ACEE-4C7E-B361-4419377871C8}.Debug|Mixed Platforms.Build.0 = Debug|Win32
		{1D4E068B-ACEE-4C7E-B361-4419377871C8}.Debug|Win32.ActiveCfg = Debug|Win32
		{1D4E068B-ACEE-4C7E-B361-4419377871C8}.Debug|Win32.Build.0 = Debug|Win32
		{1D4E068B-ACEE-4C7E-B361-4419377871C8}.Debug|x64.ActiveCfg = Debug|x64
		{1D4E068B-ACEE-4C7E-B361-4419377871C8}.Debug|x64.Build.0 = Debug|x64
		{1D4E068B-ACEE-4C7E-B361-4419377871C8}.MinSizeRel|Mixed Platforms.ActiveCfg = Release|Win32
		{1D4E068B-ACEE-4C7E-B361-4419377871C8}.MinSizeRel|Mixed Platforms.Build.0 = Release|Win32
		{1D4E068B-ACEE-4C7E-B361-4419377871C8}.MinSizeRel|Win32.ActiveCfg = Release|Win32
		{1D4E068B-ACEE-4C7E-B361-4419377871C8}.MinSizeRel|Win32.Build.0 = Release|Win32
		{1D4E068B-ACEE-4C7E-B361-4419377871C8}.MinSizeRel|x64.ActiveCfg = Release|x64
		{1D4E068B-ACEE-4C7E-B361-4419377871C8}.MinSizeRel|x64.Build.0 = Release|x64
		{1D4E068B-ACEE-4C7E-B361-4419377871C8}.RelADCP|Mixed Platforms.ActiveCfg = Release|Win32
		{1D4E068B-ACEE-4C7E-B361-4419377871C8}.RelADCP|Mixed Platforms.Build.0 = Release|Win32
		{1D4E068B-ACEE-4C7E-B361-4419377871C8}.RelADCP|Win32.ActiveCfg = Release|Win32
		{1D4E068B-ACEE-4C7E-B361-4419377871C8}.RelADCP|Win32.Build.0 = Release|Win32
		{1D4E068B-ACEE-4C7E-B361-4419377871C8}.RelADCP|x64.ActiveCfg = Release|x64
		{1D4E068B-ACEE-4C7E-B361-4419377871C8}.RelADCP|x64.Build.0 = Release|x64
		{1D4E068B-ACEE-4C7E-B361-4419377871C8}.RelWithDebInfo|Mixed Platforms.ActiveCfg = Release|Win32
		{1D4E068B-ACEE-4C7E-B361-4419377871C8}.RelWithDebInfo|Mixed Platforms.Build.0 = Release|Win32
		{1D4E068B-ACEE-4C7E-B361-4419377871C8}.RelWithDebInfo|Win32.ActiveCfg = Release|Win32
		{1D4E068B-ACEE-4C7E-B361-4419377871C8}.RelWithDebInfo|Win32.Build.0 = Release|Win32
		{1D4E068B-ACEE-4C7E-B361-4419377871C8}.RelWithDebInfo|x64.ActiveCfg = Release|x64
		{1D4E068B-ACEE-4C7E-B361-4419377871C8}.RelWithDebInfo|x64.Build.0 = Release|x64
		{1D4E068B-ACEE-4C7E-B361-4419377871C8}.VLD|Mixed Platforms.ActiveCfg = VLD|Win32
		{1D4E068B-ACEE-4C7E-B361-4419377871C8}.VLD|Mixed Platforms.Build.0 = VLD|Win32
		{1D4E068B-ACEE-4C7E-B361-4419377871C8}.VLD|Win32.ActiveCfg = VLD|Win32
		{1D4E068B-ACEE-4C7E-B361-4419377871C8}.VLD|Win32.Build.0 = VLD|Win32
		{1D4E068B-ACEE-4C7E-B361-4419377871C8}.VLD|x64.ActiveCfg = VLD|x64
		{1D4E068B-ACEE-4C7E-B361-4419377871C8}.VLD|x64.Build.0 = VLD|x64
		{33C0FE4C-8EF9-493D-AF1A-BA79E3B949E5}.Debug|Mixed Platforms.ActiveCfg = Debug|Win32
		{33C0FE4C-8EF9-493D-AF1A-BA79E3B949E5}.Debug|Mixed Platforms.Build.0 = Debug|Win32
		{33C0FE4C-8EF9-493D-AF1A-BA79E3B949E5}.Debug|Win32.ActiveCfg = Debug|Win32
		{33C0FE4C-8EF9-493D-AF1A-BA79E3B949E5}.Debug|Win32.Build.0 = Debug|Win32
		{33C0FE4C-8EF9-493D-AF1A-BA79E3B949E5}.Debug|x64.ActiveCfg = Debug|x64
		{33C0FE4C-8EF9-493D-AF1A-BA79E3B949E5}.Debug|x64.Build.0 = Debug|x64
		{33C0FE4C-8EF9-493D-AF1A-BA79E3B949E5}.MinSizeRel|Mixed Platforms.ActiveCfg = Release|Win32
		{33C0FE4C-8EF9-493D-AF1A-BA79E3B949E5}.MinSizeRel|Mixed Platforms.Build.0 = Release|Win32
		{33C0FE4C-8EF9-493D-AF1A-BA79E3B949E5}.MinSizeRel|Win32.ActiveCfg = Release|Win32
		{33C0FE4C-8EF9-493D-AF1A-BA79E3B949E5}.MinSizeRel|Win32.Build.0 = Release|Win32
		{33C0FE4C-8EF9-493D-AF1A-BA79E3B949E5}.MinSizeRel|x64.ActiveCfg = Release|x64
		{33C0FE4C-8EF9-493D-AF1A-BA79E3B949E5}.MinSizeRel|x64.Build.0 = Release|x64
		{33C0FE4C-8EF9-493D-AF1A-BA79E3B949E5}.RelADCP|Mixed Platforms.ActiveCfg = Release|Win32
		{33C0FE4C-8EF9-493D-AF1A-BA79E3B949E5}.RelADCP|Mixed Platforms.Build.0 = Release|Win32
		{33C0FE4C-8EF9-493D-AF1A-BA79E3B949E5}.RelADCP|Win32.ActiveCfg = Release|Win32
		{33C0FE4C-8EF9-493D-AF1A-BA79E3B949E5}.RelADCP|Win32.Build.0 = Release|Win32
		{33C0FE4C-8EF9-493D-AF1A-BA79E3B949E5}.RelADCP|x64.ActiveCfg = Release|x64
		{33C0FE4C-8EF9-493D-AF1A-BA79E3B949E5}.RelADCP|x64.Build.0 = Release|x64
		{33C0FE4C-8EF9-493D-AF1A-BA79E3B949E5}.RelWithDebInfo|Mixed Platforms.ActiveCfg = Release|Win32
		{33C0FE4C-8EF9-493D-AF1A-BA79E3B949E5}.RelWithDebInfo|Mixed Platforms.Build.0 = Release|Win32
		{33C0FE4C-8EF9-493D-AF1A-BA79E3B949E5}.RelWithDebInfo|Win32.ActiveCfg = Release|Win32
		{33C0FE4C-8EF9-493D-AF1A-BA79E3B949E5}.RelWithDebInfo|Win32.Build.0 = Release|Win32
		{33C0FE4C-8EF9-493D-AF1A-BA79E3B949E5}.RelWithDebInfo|x64.ActiveCfg = Release|x64
		{33C0FE4C-8EF9-493D-AF1A-BA79E3B949E5}.RelWithDebInfo|x64.Build.0 = Release|x64
		{33C0FE4C-8EF9-493D-AF1A-BA79E3B949E5}.VLD|Mixed Platforms.ActiveCfg = VLD|Win32
		{33C0FE4C-8EF9-493D-AF1A-BA79E3B949E5}.VLD|Mixed Platforms.Build.0 = VLD|Win32
		{33C0FE4C-8EF9-493D-AF1A-BA79E3B949E5}.VLD|Win32.ActiveCfg = VLD|Win32
		{33C0FE4C-8EF9-493D-AF1A-BA79E3B949E5}.VLD|Win32.Build.0 = VLD|Win32
		{33C0FE4C-8EF9-493D-AF1A-BA79E3B949E5}.VLD|x64.ActiveCfg = VLD|x64
		{33C0FE4C-8EF9-493D-AF1A-BA79E3B949E5}.VLD|x64.Build.0 = VLD|x64
		{181426AC-372D-40C3-86F9-554BE0F6F069}.Debug|Mixed Platforms.ActiveCfg = Debug|Win32
		{181426AC-372D-40C3-86F9-554BE0F6F069}.Debug|Mixed Platforms.Build.0 = Debug|Win32
		{181426AC-372D-40C3-86F9-554BE0F6F069}.Debug|Win32.ActiveCfg = Debug|Win32
		{181426AC-372D-40C3-86F9-554BE0F6F069}.Debug|Win32.Build.0 = Debug|Win32
		{181426AC-372D-40C3-86F9-554BE0F6F069}.Debug|x64.ActiveCfg = Debug|x64
		{181426AC-372D-40C3-86F9-554BE0F6F069}.Debug|x64.Build.0 = Debug|x64
		{181426AC-372D-40C3-86F9-554BE0F6F069}.MinSizeRel|Mixed Platforms.ActiveCfg = Release|Win32
		{181426AC-372D-40C3-86F9-554BE0F6F069}.MinSizeRel|Mixed Platforms.Build.0 = Release|Win32
		{181426AC-372D-40C3-86F9-554BE0F6F069}.MinSizeRel|Win32.ActiveCfg = Release|Win32
		{181426AC-372D-40C3-86F9-554BE0F6F069}.MinSizeRel|Win32.Build.0 = Release|Win32
		{181426AC-372D-40C3-86F9-554BE0F6F069}.MinSizeRel|x64.ActiveCfg = Release|x64
		{181426AC-372D-40C3-86F9-554BE0F6F069}.MinSizeRel|x64.Build.0 = Release|x64
		{181426AC-372D-40C3-86F9-554BE0F6F069}.RelADCP|Mixed Platforms.ActiveCfg = Release|Win32
		{181426AC-372D-40C3-86F9-554BE0F6F069}.RelADCP|Mixed Platforms.Build.0 = Release|Win32
		{181426AC-372D-40C3-86F9-554BE0F6F069}.RelADCP|Win32.ActiveCfg = Release|Win32
		{181426AC-372D-40C3-86F9-554BE0F6F069}.RelADCP|Win32.Build.0 = Release|Win32
		{181426AC-372D-40C3-86F9-554BE0F6F069}.RelADCP|x64.ActiveCfg = Release|x64
		{181426AC-372D-40C3-86F9-554BE0F6F069}.RelADCP|x64.Build.0 = Release|x64
		{181426AC-372D-40C3-86F9-554BE0F6F069}.RelWithDebInfo|Mixed Platforms.ActiveCfg = Release|Win32
		{181426AC-372D-40C3-86F9-554BE0F6F069}.RelWithDebInfo|Mixed Platforms.Build.0 = Release|Win32
		{181426AC-372D-40C3-86F9-554BE0F6F069}.RelWithDebInfo|Win32.ActiveCfg = Release|Win32
		{181426AC-372D-40C3-86F9-554BE0F6F069}.RelWithDebInfo|Win32.Build.0 = Release|Win32
		{181426AC-372D-40C3-86F9-554BE0F6F069}.RelWithDebInfo|x64.ActiveCfg = Release|x64
		{181426AC-372D-40C3-86F9-554BE0F6F069}.RelWithDebInfo|x64.Build.0 = Release|x64
		{181426AC-372D-40C3-86F9-554BE0F6F069}.VLD|Mixed Platforms.ActiveCfg = VLD|Win32
		{181426AC-372D-40C3-86F9-554BE0F6F069}.VLD|Mixed Platforms.Build.0 = VLD|Win32
		{181426AC-372D-40C3-86F9-554BE0F6F069}.VLD|Win32.ActiveCfg = VLD|Win32
		{181426AC-372D-40C3-86F9-554BE0F6F069}.VLD|Win32.Build.0 = VLD|Win32
		{181426AC-372D-40C3-86F9-554BE0F6F069}.VLD|x64.ActiveCfg = VLD|x64
		{181426AC-372D-40C3-86F9-554BE0F6F069}.VLD|x64.Build.0 = VLD|x64
	EndGlobalSection
	GlobalSection(SolutionProperties) = preSolution
		HideSolutionNode = FALSE
	EndGlobalSection
	GlobalSection(NestedProjects) = preSolution
		{DBC8FAF7-6789-4A8F-AE11-7D17E6ED8B16} = {DCE257E1-0AED-43BA-86E8-E35C7E55D9E9}
		{ABC59760-7700-49F3-AC9E-A29414B1C5CE} = {DCE257E1-0AED-43BA-86E8-E35C7E55D9E9}
		{1D4E068B-ACEE-4C7E-B361-4419377871C8} = {DCE257E1-0AED-43BA-86E8-E35C7E55D9E9}
		{33C0FE4C-8EF9-493D-AF1A-BA79E3B949E5} = {DCE257E1-0AED-43BA-86E8-E35C7E55D9E9}
		{181426AC-372D-40C3-86F9-554BE0F6F069} = {DCE257E1-0AED-43BA-86E8-E35C7E55D9E9}
	EndGlobalSection
EndGlobal
